
Microsoft Visual Studio Solution File, Format Version 12.00
# Visual Studio Version 16
VisualStudioVersion = 16.0.28315.86
MinimumVisualStudioVersion = 10.0.40219.1
Project("{2150E333-8FDC-42A3-9474-1A3956D46DE8}") = "Engine", "Engine", "{7B8A39D6-CACC-4DA3-81EC-33DD126BBADA}"
EndProject
Project("{2150E333-8FDC-42A3-9474-1A3956D46DE8}") = "Games", "Games", "{D8FF16CF-547C-46B5-9093-E38CDA564799}"
EndProject
Project("{8BC9CEB8-8B4A-11D0-8D11-00A0C91BC942}") = "UE4", "Intermediate\ProjectFiles\UE4.vcxproj", "{D18C0C24-88D3-44C8-A80A-CDADABFDEC58}"
EndProject
Project("{8BC9CEB8-8B4A-11D0-8D11-00A0C91BC942}") = "BlankBoats", "Intermediate\ProjectFiles\BlankBoats.vcxproj", "{ADB12B3D-4AD1-40C6-B318-C4E42B6ADC06}"
EndProject
Project("{2150E333-8FDC-42A3-9474-1A3956D46DE8}") = "Visualizers", "Visualizers", "{85E5D22F-7054-4CEB-A947-B5E963147173}"
	ProjectSection(SolutionItems) = preProject
		..\..\..\Game Dev\UE_4.24\Engine\Extras\VisualStudioDebugging\UE4.natvis = ..\..\..\Game Dev\UE_4.24\Engine\Extras\VisualStudioDebugging\UE4.natvis
	EndProjectSection
EndProject
Global
	GlobalSection(SolutionConfigurationPlatforms) = preSolution
		DebugGame Editor|Win32 = DebugGame Editor|Win32
		DebugGame Editor|Win64 = DebugGame Editor|Win64
		DebugGame|Win32 = DebugGame|Win32
		DebugGame|Win64 = DebugGame|Win64
		Development Editor|Win32 = Development Editor|Win32
		Development Editor|Win64 = Development Editor|Win64
		Development|Win32 = Development|Win32
		Development|Win64 = Development|Win64
		Shipping|Win32 = Shipping|Win32
		Shipping|Win64 = Shipping|Win64
	EndGlobalSection
	GlobalSection(ProjectConfigurationPlatforms) = postSolution
		{D18C0C24-88D3-44C8-A80A-CDADABFDEC58}.DebugGame Editor|Win32.ActiveCfg = BuiltWithUnrealBuildTool|Win32
		{D18C0C24-88D3-44C8-A80A-CDADABFDEC58}.DebugGame Editor|Win64.ActiveCfg = BuiltWithUnrealBuildTool|Win32
		{D18C0C24-88D3-44C8-A80A-CDADABFDEC58}.DebugGame|Win32.ActiveCfg = BuiltWithUnrealBuildTool|Win32
		{D18C0C24-88D3-44C8-A80A-CDADABFDEC58}.DebugGame|Win64.ActiveCfg = BuiltWithUnrealBuildTool|Win32
		{D18C0C24-88D3-44C8-A80A-CDADABFDEC58}.Development Editor|Win32.ActiveCfg = BuiltWithUnrealBuildTool|Win32
		{D18C0C24-88D3-44C8-A80A-CDADABFDEC58}.Development Editor|Win64.ActiveCfg = BuiltWithUnrealBuildTool|Win32
		{D18C0C24-88D3-44C8-A80A-CDADABFDEC58}.Development|Win32.ActiveCfg = BuiltWithUnrealBuildTool|Win32
		{D18C0C24-88D3-44C8-A80A-CDADABFDEC58}.Development|Win64.ActiveCfg = BuiltWithUnrealBuildTool|Win32
		{D18C0C24-88D3-44C8-A80A-CDADABFDEC58}.Shipping|Win32.ActiveCfg = BuiltWithUnrealBuildTool|Win32
		{D18C0C24-88D3-44C8-A80A-CDADABFDEC58}.Shipping|Win64.ActiveCfg = BuiltWithUnrealBuildTool|Win32
		{ADB12B3D-4AD1-40C6-B318-C4E42B6ADC06}.DebugGame Editor|Win32.ActiveCfg = Invalid|Win32
		{ADB12B3D-4AD1-40C6-B318-C4E42B6ADC06}.DebugGame Editor|Win64.ActiveCfg = DebugGame_Editor|x64
		{ADB12B3D-4AD1-40C6-B318-C4E42B6ADC06}.DebugGame Editor|Win64.Build.0 = DebugGame_Editor|x64
		{ADB12B3D-4AD1-40C6-B318-C4E42B6ADC06}.DebugGame|Win32.ActiveCfg = DebugGame|Win32
		{ADB12B3D-4AD1-40C6-B318-C4E42B6ADC06}.DebugGame|Win32.Build.0 = DebugGame|Win32
		{ADB12B3D-4AD1-40C6-B318-C4E42B6ADC06}.DebugGame|Win64.ActiveCfg = DebugGame|x64
		{ADB12B3D-4AD1-40C6-B318-C4E42B6ADC06}.DebugGame|Win64.Build.0 = DebugGame|x64
		{ADB12B3D-4AD1-40C6-B318-C4E42B6ADC06}.Development Editor|Win32.ActiveCfg = Invalid|Win32
		{ADB12B3D-4AD1-40C6-B318-C4E42B6ADC06}.Development Editor|Win64.ActiveCfg = Development_Editor|x64
		{ADB12B3D-4AD1-40C6-B318-C4E42B6ADC06}.Development Editor|Win64.Build.0 = Development_Editor|x64
		{ADB12B3D-4AD1-40C6-B318-C4E42B6ADC06}.Development|Win32.ActiveCfg = Development|Win32
		{ADB12B3D-4AD1-40C6-B318-C4E42B6ADC06}.Development|Win32.Build.0 = Development|Win32
		{ADB12B3D-4AD1-40C6-B318-C4E42B6ADC06}.Development|Win64.ActiveCfg = Development|x64
		{ADB12B3D-4AD1-40C6-B318-C4E42B6ADC06}.Development|Win64.Build.0 = Development|x64
		{ADB12B3D-4AD1-40C6-B318-C4E42B6ADC06}.Shipping|Win32.ActiveCfg = Shipping|Win32
		{ADB12B3D-4AD1-40C6-B318-C4E42B6ADC06}.Shipping|Win32.Build.0 = Shipping|Win32
		{ADB12B3D-4AD1-40C6-B318-C4E42B6ADC06}.Shipping|Win64.ActiveCfg = Shipping|x64
		{ADB12B3D-4AD1-40C6-B318-C4E42B6ADC06}.Shipping|Win64.Build.0 = Shipping|x64
	EndGlobalSection
	GlobalSection(SolutionProperties) = preSolution
		HideSolutionNode = FALSE
	EndGlobalSection
	GlobalSection(NestedProjects) = preSolution
		{D18C0C24-88D3-44C8-A80A-CDADABFDEC58} = {7B8A39D6-CACC-4DA3-81EC-33DD126BBADA}
		{ADB12B3D-4AD1-40C6-B318-C4E42B6ADC06} = {D8FF16CF-547C-46B5-9093-E38CDA564799}
	EndGlobalSection
EndGlobal
